
Microsoft Visual Studio Solution File, Format Version 12.00
# Visual Studio Version 16
VisualStudioVersion = 16.0.29728.190
MinimumVisualStudioVersion = 10.0.40219.1
Project("{FAE04EC0-301F-11D3-BF4B-00C04F79EFBC}") = "KeyloMapping", "KeyloMapping\KeyloMapping.csproj", "{95B0DC9C-A784-44FC-A7B9-83F2A2BD48E5}"
EndProject
Project("{FAE04EC0-301F-11D3-BF4B-00C04F79EFBC}") = "KeyloMapping.Data", "KeyloMapping.Data\KeyloMapping.Data.csproj", "{31FA0430-FC50-4AE0-BA4A-0EDAD45F3AD5}"
EndProject
Project("{FAE04EC0-301F-11D3-BF4B-00C04F79EFBC}") = "KeyloMappingSystem", "KeyloMappingSystem\KeyloMappingSystem.csproj", "{20DD9BBB-0C6B-42A8-AC39-F92C619B76A3}"
EndProject
Global
	GlobalSection(SolutionConfigurationPlatforms) = preSolution
		Debug|Any CPU = Debug|Any CPU
		Release|Any CPU = Release|Any CPU
	EndGlobalSection
	GlobalSection(ProjectConfigurationPlatforms) = postSolution
		{95B0DC9C-A784-44FC-A7B9-83F2A2BD48E5}.Debug|Any CPU.ActiveCfg = Debug|Any CPU
		{95B0DC9C-A784-44FC-A7B9-83F2A2BD48E5}.Debug|Any CPU.Build.0 = Debug|Any CPU
		{95B0DC9C-A784-44FC-A7B9-83F2A2BD48E5}.Release|Any CPU.ActiveCfg = Release|Any CPU
		{95B0DC9C-A784-44FC-A7B9-83F2A2BD48E5}.Release|Any CPU.Build.0 = Release|Any CPU
		{31FA0430-FC50-4AE0-BA4A-0EDAD45F3AD5}.Debug|Any CPU.ActiveCfg = Debug|Any CPU
		{31FA0430-FC50-4AE0-BA4A-0EDAD45F3AD5}.Debug|Any CPU.Build.0 = Debug|Any CPU
		{31FA0430-FC50-4AE0-BA4A-0EDAD45F3AD5}.Release|Any CPU.ActiveCfg = Release|Any CPU
		{31FA0430-FC50-4AE0-BA4A-0EDAD45F3AD5}.Release|Any CPU.Build.0 = Release|Any CPU
		{20DD9BBB-0C6B-42A8-AC39-F92C619B76A3}.Debug|Any CPU.ActiveCfg = Debug|Any CPU
		{20DD9BBB-0C6B-42A8-AC39-F92C619B76A3}.Debug|Any CPU.Build.0 = Debug|Any CPU
		{20DD9BBB-0C6B-42A8-AC39-F92C619B76A3}.Release|Any CPU.ActiveCfg = Release|Any CPU
		{20DD9BBB-0C6B-42A8-AC39-F92C619B76A3}.Release|Any CPU.Build.0 = Release|Any CPU
	EndGlobalSection
	GlobalSection(SolutionProperties) = preSolution
		HideSolutionNode = FALSE
	EndGlobalSection
	GlobalSection(ExtensibilityGlobals) = postSolution
		SolutionGuid = {E51A7C9F-5DBF-43A9-8445-B01A7F5C8320}
	EndGlobalSection
EndGlobal
